// !$*UTF8*$!
{
	archiveVersion = 1;
	classes = {
	};
	objectVersion = 46;
	objects = {

/* Begin PBXBuildFile section */
		325FCAB31F5E5793008E5D79 /* DetailViewController.swift in Sources */ = {isa = PBXBuildFile; fileRef = 325FCAB21F5E5793008E5D79 /* DetailViewController.swift */; };
		325FCAB51F5E761C008E5D79 /* HttpRequest.swift in Sources */ = {isa = PBXBuildFile; fileRef = 325FCAB41F5E761C008E5D79 /* HttpRequest.swift */; };
		32A6638B1F5D4B3700915AC4 /* UserModel.swift in Sources */ = {isa = PBXBuildFile; fileRef = 32A6638A1F5D4B3700915AC4 /* UserModel.swift */; };
		32CDEB971F5FD48600AB8DC7 /* UIImageView+Remote.swift in Sources */ = {isa = PBXBuildFile; fileRef = 32CDEB961F5FD48600AB8DC7 /* UIImageView+Remote.swift */; };
		32E454E01F59348E0029D7F7 /* AppDelegate.swift in Sources */ = {isa = PBXBuildFile; fileRef = 32E454DF1F59348E0029D7F7 /* AppDelegate.swift */; };
		32E454E21F59348E0029D7F7 /* ViewController.swift in Sources */ = {isa = PBXBuildFile; fileRef = 32E454E11F59348E0029D7F7 /* ViewController.swift */; };
		32E454E51F59348E0029D7F7 /* Main.storyboard in Resources */ = {isa = PBXBuildFile; fileRef = 32E454E31F59348E0029D7F7 /* Main.storyboard */; };
		32E454E71F59348E0029D7F7 /* Assets.xcassets in Resources */ = {isa = PBXBuildFile; fileRef = 32E454E61F59348E0029D7F7 /* Assets.xcassets */; };
		32E454EA1F59348E0029D7F7 /* LaunchScreen.storyboard in Resources */ = {isa = PBXBuildFile; fileRef = 32E454E81F59348E0029D7F7 /* LaunchScreen.storyboard */; };
		32F4281E1F5D6BF600A7111C /* CustomCell.swift in Sources */ = {isa = PBXBuildFile; fileRef = 32F4281D1F5D6BF600A7111C /* CustomCell.swift */; };
		32F428251F5D6E6900A7111C /* UIView+FrameAdjust.m in Sources */ = {isa = PBXBuildFile; fileRef = 32F428241F5D6E6900A7111C /* UIView+FrameAdjust.m */; };
		644CFD1E1F5C018900C155E3 /* SinaWeiBoWebviewController.swift in Sources */ = {isa = PBXBuildFile; fileRef = 644CFD1D1F5C018900C155E3 /* SinaWeiBoWebviewController.swift */; };
		644CFD201F5C1A8D00C155E3 /* ListsViewController.swift in Sources */ = {isa = PBXBuildFile; fileRef = 644CFD1F1F5C1A8D00C155E3 /* ListsViewController.swift */; };
		6452AA431F5D85F100369480 /* timg.jpeg in Resources */ = {isa = PBXBuildFile; fileRef = 6452AA421F5D85F100369480 /* timg.jpeg */; };
/* End PBXBuildFile section */

/* Begin PBXFileReference section */
		325FCAB21F5E5793008E5D79 /* DetailViewController.swift */ = {isa = PBXFileReference; fileEncoding = 4; lastKnownFileType = sourcecode.swift; path = DetailViewController.swift; sourceTree = "<group>"; };
		325FCAB41F5E761C008E5D79 /* HttpRequest.swift */ = {isa = PBXFileReference; fileEncoding = 4; lastKnownFileType = sourcecode.swift; path = HttpRequest.swift; sourceTree = "<group>"; };
		32A6638A1F5D4B3700915AC4 /* UserModel.swift */ = {isa = PBXFileReference; fileEncoding = 4; lastKnownFileType = sourcecode.swift; path = UserModel.swift; sourceTree = "<group>"; };
		32B133541F5D58AB00ABEF04 /* 新浪微博Demo-Swift-Bridging-Header.h */ = {isa = PBXFileReference; lastKnownFileType = sourcecode.c.h; path = "新浪微博Demo-Swift-Bridging-Header.h"; sourceTree = "<group>"; };
		32CDEB961F5FD48600AB8DC7 /* UIImageView+Remote.swift */ = {isa = PBXFileReference; fileEncoding = 4; lastKnownFileType = sourcecode.swift; path = "UIImageView+Remote.swift"; sourceTree = "<group>"; };
		32E454DC1F59348E0029D7F7 /* 新浪微博Demo-Swift.app */ = {isa = PBXFileReference; explicitFileType = wrapper.application; includeInIndex = 0; path = "新浪微博Demo-Swift.app"; sourceTree = BUILT_PRODUCTS_DIR; };
		32E454DF1F59348E0029D7F7 /* AppDelegate.swift */ = {isa = PBXFileReference; lastKnownFileType = sourcecode.swift; path = AppDelegate.swift; sourceTree = "<group>"; };
		32E454E11F59348E0029D7F7 /* ViewController.swift */ = {isa = PBXFileReference; lastKnownFileType = sourcecode.swift; path = ViewController.swift; sourceTree = "<group>"; };
		32E454E41F59348E0029D7F7 /* Base */ = {isa = PBXFileReference; lastKnownFileType = file.storyboard; name = Base; path = Base.lproj/Main.storyboard; sourceTree = "<group>"; };
		32E454E61F59348E0029D7F7 /* Assets.xcassets */ = {isa = PBXFileReference; lastKnownFileType = folder.assetcatalog; path = Assets.xcassets; sourceTree = "<group>"; };
		32E454E91F59348E0029D7F7 /* Base */ = {isa = PBXFileReference; lastKnownFileType = file.storyboard; name = Base; path = Base.lproj/LaunchScreen.storyboard; sourceTree = "<group>"; };
		32E454EB1F59348E0029D7F7 /* Info.plist */ = {isa = PBXFileReference; lastKnownFileType = text.plist.xml; path = Info.plist; sourceTree = "<group>"; };
		32F4281D1F5D6BF600A7111C /* CustomCell.swift */ = {isa = PBXFileReference; fileEncoding = 4; lastKnownFileType = sourcecode.swift; path = CustomCell.swift; sourceTree = "<group>"; };
		32F428231F5D6E6900A7111C /* UIView+FrameAdjust.h */ = {isa = PBXFileReference; fileEncoding = 4; lastKnownFileType = sourcecode.c.h; path = "UIView+FrameAdjust.h"; sourceTree = "<group>"; };
		32F428241F5D6E6900A7111C /* UIView+FrameAdjust.m */ = {isa = PBXFileReference; fileEncoding = 4; lastKnownFileType = sourcecode.c.objc; path = "UIView+FrameAdjust.m"; sourceTree = "<group>"; };
		644CFD1D1F5C018900C155E3 /* SinaWeiBoWebviewController.swift */ = {isa = PBXFileReference; fileEncoding = 4; lastKnownFileType = sourcecode.swift; path = SinaWeiBoWebviewController.swift; sourceTree = "<group>"; };
		644CFD1F1F5C1A8D00C155E3 /* ListsViewController.swift */ = {isa = PBXFileReference; fileEncoding = 4; lastKnownFileType = sourcecode.swift; path = ListsViewController.swift; sourceTree = "<group>"; };
		6452AA421F5D85F100369480 /* timg.jpeg */ = {isa = PBXFileReference; lastKnownFileType = image.jpeg; path = timg.jpeg; sourceTree = "<group>"; };
/* End PBXFileReference section */

/* Begin PBXFrameworksBuildPhase section */
		32E454D91F59348E0029D7F7 /* Frameworks */ = {
			isa = PBXFrameworksBuildPhase;
			buildActionMask = 2147483647;
			files = (
			);
			runOnlyForDeploymentPostprocessing = 0;
		};
/* End PBXFrameworksBuildPhase section */

/* Begin PBXGroup section */
		32E454D31F59348E0029D7F7 = {
			isa = PBXGroup;
			children = (
				32E454DE1F59348E0029D7F7 /* 新浪微博Demo-Swift */,
				32E454DD1F59348E0029D7F7 /* Products */,
			);
			sourceTree = "<group>";
		};
		32E454DD1F59348E0029D7F7 /* Products */ = {
			isa = PBXGroup;
			children = (
				32E454DC1F59348E0029D7F7 /* 新浪微博Demo-Swift.app */,
			);
			name = Products;
			sourceTree = "<group>";
		};
		32E454DE1F59348E0029D7F7 /* 新浪微博Demo-Swift */ = {
			isa = PBXGroup;
			children = (
				32E454DF1F59348E0029D7F7 /* AppDelegate.swift */,
				32E454E11F59348E0029D7F7 /* ViewController.swift */,
				644CFD1D1F5C018900C155E3 /* SinaWeiBoWebviewController.swift */,
				644CFD1F1F5C1A8D00C155E3 /* ListsViewController.swift */,
				32F4281D1F5D6BF600A7111C /* CustomCell.swift */,
				325FCAB21F5E5793008E5D79 /* DetailViewController.swift */,
				32A6638A1F5D4B3700915AC4 /* UserModel.swift */,
				325FCAB41F5E761C008E5D79 /* HttpRequest.swift */,
				32CDEB961F5FD48600AB8DC7 /* UIImageView+Remote.swift */,
				32F428231F5D6E6900A7111C /* UIView+FrameAdjust.h */,
				32F428241F5D6E6900A7111C /* UIView+FrameAdjust.m */,
				32E454E31F59348E0029D7F7 /* Main.storyboard */,
				6452AA421F5D85F100369480 /* timg.jpeg */,
				32E454E61F59348E0029D7F7 /* Assets.xcassets */,
				32E454E81F59348E0029D7F7 /* LaunchScreen.storyboard */,
				32E454EB1F59348E0029D7F7 /* Info.plist */,
				32B133541F5D58AB00ABEF04 /* 新浪微博Demo-Swift-Bridging-Header.h */,
			);
			path = "新浪微博Demo-Swift";
			sourceTree = "<group>";
		};
/* End PBXGroup section */

/* Begin PBXNativeTarget section */
		32E454DB1F59348E0029D7F7 /* 新浪微博Demo-Swift */ = {
			isa = PBXNativeTarget;
			buildConfigurationList = 32E454EE1F59348E0029D7F7 /* Build configuration list for PBXNativeTarget "新浪微博Demo-Swift" */;
			buildPhases = (
				32E454D81F59348E0029D7F7 /* Sources */,
				32E454D91F59348E0029D7F7 /* Frameworks */,
				32E454DA1F59348E0029D7F7 /* Resources */,
			);
			buildRules = (
			);
			dependencies = (
			);
			name = "新浪微博Demo-Swift";
			productName = "新浪微博Demo-Swift";
			productReference = 32E454DC1F59348E0029D7F7 /* 新浪微博Demo-Swift.app */;
			productType = "com.apple.product-type.application";
		};
/* End PBXNativeTarget section */

/* Begin PBXProject section */
		32E454D41F59348E0029D7F7 /* Project object */ = {
			isa = PBXProject;
			attributes = {
				LastSwiftUpdateCheck = 0830;
				LastUpgradeCheck = 0830;
				ORGANIZATIONNAME = "core's Mac";
				TargetAttributes = {
					32E454DB1F59348E0029D7F7 = {
						CreatedOnToolsVersion = 8.3.3;
						DevelopmentTeam = ZAB4L2B7UQ;
						LastSwiftMigration = 0830;
						ProvisioningStyle = Automatic;
					};
				};
			};
			buildConfigurationList = 32E454D71F59348E0029D7F7 /* Build configuration list for PBXProject "新浪微博Demo-Swift" */;
			compatibilityVersion = "Xcode 3.2";
			developmentRegion = English;
			hasScannedForEncodings = 0;
			knownRegions = (
				en,
				Base,
			);
			mainGroup = 32E454D31F59348E0029D7F7;
			productRefGroup = 32E454DD1F59348E0029D7F7 /* Products */;
			projectDirPath = "";
			projectRoot = "";
			targets = (
				32E454DB1F59348E0029D7F7 /* 新浪微博Demo-Swift */,
			);
		};
/* End PBXProject section */

/* Begin PBXResourcesBuildPhase section */
		32E454DA1F59348E0029D7F7 /* Resources */ = {
			isa = PBXResourcesBuildPhase;
			buildActionMask = 2147483647;
			files = (
				32E454EA1F59348E0029D7F7 /* LaunchScreen.storyboard in Resources */,
				32E454E71F59348E0029D7F7 /* Assets.xcassets in Resources */,
				6452AA431F5D85F100369480 /* timg.jpeg in Resources */,
				32E454E51F59348E0029D7F7 /* Main.storyboard in Resources */,
			);
			runOnlyForDeploymentPostprocessing = 0;
		};
/* End PBXResourcesBuildPhase section */

/* Begin PBXSourcesBuildPhase section */
		32E454D81F59348E0029D7F7 /* Sources */ = {
			isa = PBXSourcesBuildPhase;
			buildActionMask = 2147483647;
			files = (
				325FCAB31F5E5793008E5D79 /* DetailViewController.swift in Sources */,
				325FCAB51F5E761C008E5D79 /* HttpRequest.swift in Sources */,
				32CDEB971F5FD48600AB8DC7 /* UIImageView+Remote.swift in Sources */,
				32E454E21F59348E0029D7F7 /* ViewController.swift in Sources */,
				32F428251F5D6E6900A7111C /* UIView+FrameAdjust.m in Sources */,
				32E454E01F59348E0029D7F7 /* AppDelegate.swift in Sources */,
				644CFD201F5C1A8D00C155E3 /* ListsViewController.swift in Sources */,
				32A6638B1F5D4B3700915AC4 /* UserModel.swift in Sources */,
				644CFD1E1F5C018900C155E3 /* SinaWeiBoWebviewController.swift in Sources */,
				32F4281E1F5D6BF600A7111C /* CustomCell.swift in Sources */,
			);
			runOnlyForDeploymentPostprocessing = 0;
		};
/* End PBXSourcesBuildPhase section */

/* Begin PBXVariantGroup section */
		32E454E31F59348E0029D7F7 /* Main.storyboard */ = {
			isa = PBXVariantGroup;
			children = (
				32E454E41F59348E0029D7F7 /* Base */,
			);
			name = Main.storyboard;
			sourceTree = "<group>";
		};
		32E454E81F59348E0029D7F7 /* LaunchScreen.storyboard */ = {
			isa = PBXVariantGroup;
			children = (
				32E454E91F59348E0029D7F7 /* Base */,
			);
			name = LaunchScreen.storyboard;
			sourceTree = "<group>";
		};
/* End PBXVariantGroup section */

/* Begin XCBuildConfiguration section */
		32E454EC1F59348E0029D7F7 /* Debug */ = {
			isa = XCBuildConfiguration;
			buildSettings = {
				ALWAYS_SEARCH_USER_PATHS = NO;
				CLANG_ANALYZER_NONNULL = YES;
				CLANG_ANALYZER_NUMBER_OBJECT_CONVERSION = YES_AGGRESSIVE;
				CLANG_CXX_LANGUAGE_STANDARD = "gnu++0x";
				CLANG_CXX_LIBRARY = "libc++";
				CLANG_ENABLE_MODULES = YES;
				CLANG_ENABLE_OBJC_ARC = YES;
				CLANG_WARN_BOOL_CONVERSION = YES;
				CLANG_WARN_CONSTANT_CONVERSION = YES;
				CLANG_WARN_DIRECT_OBJC_ISA_USAGE = YES_ERROR;
				CLANG_WARN_DOCUMENTATION_COMMENTS = YES;
				CLANG_WARN_EMPTY_BODY = YES;
				CLANG_WARN_ENUM_CONVERSION = YES;
				CLANG_WARN_INFINITE_RECURSION = YES;
				CLANG_WARN_INT_CONVERSION = YES;
				CLANG_WARN_OBJC_ROOT_CLASS = YES_ERROR;
				CLANG_WARN_SUSPICIOUS_MOVE = YES;
				CLANG_WARN_UNREACHABLE_CODE = YES;
				CLANG_WARN__DUPLICATE_METHOD_MATCH = YES;
				"CODE_SIGN_IDENTITY[sdk=iphoneos*]" = "iPhone Developer";
				COPY_PHASE_STRIP = NO;
				DEBUG_INFORMATION_FORMAT = dwarf;
				ENABLE_STRICT_OBJC_MSGSEND = YES;
				ENABLE_TESTABILITY = YES;
				GCC_C_LANGUAGE_STANDARD = gnu99;
				GCC_DYNAMIC_NO_PIC = NO;
				GCC_NO_COMMON_BLOCKS = YES;
				GCC_OPTIMIZATION_LEVEL = 0;
				GCC_PREPROCESSOR_DEFINITIONS = (
					"DEBUG=1",
					"$(inherited)",
				);
				GCC_WARN_64_TO_32_BIT_CONVERSION = YES;
				GCC_WARN_ABOUT_RETURN_TYPE = YES_ERROR;
				GCC_WARN_UNDECLARED_SELECTOR = YES;
				GCC_WARN_UNINITIALIZED_AUTOS = YES_AGGRESSIVE;
				GCC_WARN_UNUSED_FUNCTION = YES;
				GCC_WARN_UNUSED_VARIABLE = YES;
				IPHONEOS_DEPLOYMENT_TARGET = 10.3;
				MTL_ENABLE_DEBUG_INFO = YES;
				ONLY_ACTIVE_ARCH = YES;
				SDKROOT = iphoneos;
				SWIFT_ACTIVE_COMPILATION_CONDITIONS = DEBUG;
				SWIFT_OPTIMIZATION_LEVEL = "-Onone";
				TARGETED_DEVICE_FAMILY = "1,2";
			};
			name = Debug;
		};
		32E454ED1F59348E0029D7F7 /* Release */ = {
			isa = XCBuildConfiguration;
			buildSettings = {
				ALWAYS_SEARCH_USER_PATHS = NO;
				CLANG_ANALYZER_NONNULL = YES;
				CLANG_ANALYZER_NUMBER_OBJECT_CONVERSION = YES_AGGRESSIVE;
				CLANG_CXX_LANGUAGE_STANDARD = "gnu++0x";
				CLANG_CXX_LIBRARY = "libc++";
				CLANG_ENABLE_MODULES = YES;
				CLANG_ENABLE_OBJC_ARC = YES;
				CLANG_WARN_BOOL_CONVERSION = YES;
				CLANG_WARN_CONSTANT_CONVERSION = YES;
				CLANG_WARN_DIRECT_OBJC_ISA_USAGE = YES_ERROR;
				CLANG_WARN_DOCUMENTATION_COMMENTS = YES;
				CLANG_WARN_EMPTY_BODY = YES;
				CLANG_WARN_ENUM_CONVERSION = YES;
				CLANG_WARN_INFINITE_RECURSION = YES;
				CLANG_WARN_INT_CONVERSION = YES;
				CLANG_WARN_OBJC_ROOT_CLASS = YES_ERROR;
				CLANG_WARN_SUSPICIOUS_MOVE = YES;
				CLANG_WARN_UNREACHABLE_CODE = YES;
				CLANG_WARN__DUPLICATE_METHOD_MATCH = YES;
				"CODE_SIGN_IDENTITY[sdk=iphoneos*]" = "iPhone Developer";
				COPY_PHASE_STRIP = NO;
				DEBUG_INFORMATION_FORMAT = "dwarf-with-dsym";
				ENABLE_NS_ASSERTIONS = NO;
				ENABLE_STRICT_OBJC_MSGSEND = YES;
				GCC_C_LANGUAGE_STANDARD = gnu99;
				GCC_NO_COMMON_BLOCKS = YES;
				GCC_WARN_64_TO_32_BIT_CONVERSION = YES;
				GCC_WARN_ABOUT_RETURN_TYPE = YES_ERROR;
				GCC_WARN_UNDECLARED_SELECTOR = YES;
				GCC_WARN_UNINITIALIZED_AUTOS = YES_AGGRESSIVE;
				GCC_WARN_UNUSED_FUNCTION = YES;
				GCC_WARN_UNUSED_VARIABLE = YES;
				IPHONEOS_DEPLOYMENT_TARGET = 10.3;
				MTL_ENABLE_DEBUG_INFO = NO;
				SDKROOT = iphoneos;
				SWIFT_OPTIMIZATION_LEVEL = "-Owholemodule";
				TARGETED_DEVICE_FAMILY = "1,2";
				VALIDATE_PRODUCT = YES;
			};
			name = Release;
		};
		32E454EF1F59348E0029D7F7 /* Debug */ = {
			isa = XCBuildConfiguration;
			buildSettings = {
				ASSETCATALOG_COMPILER_APPICON_NAME = AppIcon;
				CLANG_ENABLE_MODULES = YES;
				DEVELOPMENT_TEAM = ZAB4L2B7UQ;
				INFOPLIST_FILE = "新浪微博Demo-Swift/Info.plist";
				IPHONEOS_DEPLOYMENT_TARGET = 9.0;
				LD_RUNPATH_SEARCH_PATHS = "$(inherited) @executable_path/Frameworks";
				PRODUCT_BUNDLE_IDENTIFIER = "com.mycompany.dev.----Demo-Swift";
				PRODUCT_NAME = "$(TARGET_NAME)";
				SWIFT_OBJC_BRIDGING_HEADER = "新浪微博Demo-Swift/新浪微博Demo-Swift-Bridging-Header.h";
				SWIFT_OPTIMIZATION_LEVEL = "-Onone";
				SWIFT_VERSION = 3.0;
				TARGETED_DEVICE_FAMILY = "1,2";
			};
			name = Debug;
		};
		32E454F01F59348E0029D7F7 /* Release */ = {
			isa = XCBuildConfiguration;
			buildSettings = {
				ASSETCATALOG_COMPILER_APPICON_NAME = AppIcon;
				CLANG_ENABLE_MODULES = YES;
				DEVELOPMENT_TEAM = ZAB4L2B7UQ;
				INFOPLIST_FILE = "新浪微博Demo-Swift/Info.plist";
				IPHONEOS_DEPLOYMENT_TARGET = 9.0;
				LD_RUNPATH_SEARCH_PATHS = "$(inherited) @executable_path/Frameworks";
				PRODUCT_BUNDLE_IDENTIFIER = "com.mycompany.dev.----Demo-Swift";
				PRODUCT_NAME = "$(TARGET_NAME)";
				SWIFT_OBJC_BRIDGING_HEADER = "新浪微博Demo-Swift/新浪微博Demo-Swift-Bridging-Header.h";
				SWIFT_VERSION = 3.0;
				TARGETED_DEVICE_FAMILY = "1,2";
			};
			name = Release;
		};
/* End XCBuildConfiguration section */

/* Begin XCConfigurationList section */
		32E454D71F59348E0029D7F7 /* Build configuration list for PBXProject "新浪微博Demo-Swift" */ = {
			isa = XCConfigurationList;
			buildConfigurations = (
				32E454EC1F59348E0029D7F7 /* Debug */,
				32E454ED1F59348E0029D7F7 /* Release */,
			);
			defaultConfigurationIsVisible = 0;
			defaultConfigurationName = Release;
		};
		32E454EE1F59348E0029D7F7 /* Build configuration list for PBXNativeTarget "新浪微博Demo-Swift" */ = {
			isa = XCConfigurationList;
			buildConfigurations = (
				32E454EF1F59348E0029D7F7 /* Debug */,
				32E454F01F59348E0029D7F7 /* Release */,
			);
			defaultConfigurationIsVisible = 0;
			defaultConfigurationName = Release;
		};
/* End XCConfigurationList section */
	};
	rootObject = 32E454D41F59348E0029D7F7 /* Project object */;
}
